Microsoft Visual Studio Solution File, Format Version 12.00
# Visual Studio Version 16
VisualStudioVersion = 16.0.28803.452
MinimumVisualStudioVersion = 15.0.26124.0
Project("{9A19103F-16F7-4668-BE54-9A1E7A4F7556}") = "AspNetCoreWebApplicationTest", "AspNetCoreWebApplicationTest\AspNetCoreWebApplicationTest.csproj", "{CF5EE596-EF21-46FE-8451-C033AF1BF821}"
EndProject
Project("{9A19103F-16F7-4668-BE54-9A1E7A4F7556}") = "AspNetCoreWebApplication", "AspNetCoreWebApplication\AspNetCoreWebApplication.csproj", "{B72FCBEA-995E-46CF-B7D6-8EBE88BDA781}"
EndProject
Project("{9A19103F-16F7-4668-BE54-9A1E7A4F7556}") = "Data.Context", "Data.Context\Data.Context.csproj", "{DC3F0CCC-5C99-44A2-8EFD-D81FFA891012}"
EndProject
Project("{9A19103F-16F7-4668-BE54-9A1E7A4F7556}") = "Sphix.DataModels", "Sphix.DataModels\Sphix.DataModels.csproj", "{CA090D4B-D4A5-4B6F-9462-4346F0A1960D}"
EndProject
Project("{9A19103F-16F7-4668-BE54-9A1E7A4F7556}") = "Sphix.GenericRepository", "Sphix.GenericRepository\Sphix.GenericRepository.csproj", "{6F185311-C66E-4A18-BB27-D7DEF966B11D}"
EndProject
Project("{9A19103F-16F7-4668-BE54-9A1E7A4F7556}") = "Sphix.Service", "Sphix.Service\Sphix.Service.csproj", "{8B0BF50A-68FB-456D-BBFE-224332C5FAB3}"
EndProject
Project("{9A19103F-16F7-4668-BE54-9A1E7A4F7556}") = "Sphix.UnitOfWork", "Sphix.UnitOfWork\Sphix.UnitOfWork.csproj", "{B184AEB7-2A6A-4D32-8609-05B9952C5CA3}"
EndProject
Project("{9A19103F-16F7-4668-BE54-9A1E7A4F7556}") = "Sphix.Utility", "Sphix.Utility\Sphix.Utility.csproj", "{C4041168-7F87-4817-86B1-661E00638D37}"
EndProject
Project("{9A19103F-16F7-4668-BE54-9A1E7A4F7556}") = "Sphix.ViewModels", "Sphix.ViewModels\Sphix.ViewModels.csproj", "{2BE74B4E-5E60-416B-8A09-F8B16CDF3401}"
EndProject
Project("{9A19103F-16F7-4668-BE54-9A1E7A4F7556}") = "CustomTwilioClient", "CustomTwilioClient\CustomTwilioClient.csproj", "{4015FBF2-2C80-457F-82EA-72A42C96602A}"
EndProject
Project("{9A19103F-16F7-4668-BE54-9A1E7A4F7556}") = "AWSS3.Utility", "AWSS3.Utility\AWSS3.Utility.csproj", "{59544E7F-7DBC-44A3-883F-A0A0A1A60839}"
EndProject
Global
	GlobalSection(SolutionConfigurationPlatforms) = preSolution
		Debug|Any CPU = Debug|Any CPU
		Release|Any CPU = Release|Any CPU
	EndGlobalSection
	GlobalSection(ProjectConfigurationPlatforms) = postSolution
		{CF5EE596-EF21-46FE-8451-C033AF1BF821}.Debug|Any CPU.ActiveCfg = Debug|Any CPU
		{CF5EE596-EF21-46FE-8451-C033AF1BF821}.Debug|Any CPU.Build.0 = Debug|Any CPU
		{CF5EE596-EF21-46FE-8451-C033AF1BF821}.Release|Any CPU.ActiveCfg = Release|Any CPU
		{CF5EE596-EF21-46FE-8451-C033AF1BF821}.Release|Any CPU.Build.0 = Release|Any CPU
		{B72FCBEA-995E-46CF-B7D6-8EBE88BDA781}.Debug|Any CPU.ActiveCfg = Debug|Any CPU
		{B72FCBEA-995E-46CF-B7D6-8EBE88BDA781}.Debug|Any CPU.Build.0 = Debug|Any CPU
		{B72FCBEA-995E-46CF-B7D6-8EBE88BDA781}.Release|Any CPU.ActiveCfg = Release|Any CPU
		{B72FCBEA-995E-46CF-B7D6-8EBE88BDA781}.Release|Any CPU.Build.0 = Release|Any CPU
		{DC3F0CCC-5C99-44A2-8EFD-D81FFA891012}.Debug|Any CPU.ActiveCfg = Debug|Any CPU
		{DC3F0CCC-5C99-44A2-8EFD-D81FFA891012}.Debug|Any CPU.Build.0 = Debug|Any CPU
		{DC3F0CCC-5C99-44A2-8EFD-D81FFA891012}.Release|Any CPU.ActiveCfg = Release|Any CPU
		{DC3F0CCC-5C99-44A2-8EFD-D81FFA891012}.Release|Any CPU.Build.0 = Release|Any CPU
		{CA090D4B-D4A5-4B6F-9462-4346F0A1960D}.Debug|Any CPU.ActiveCfg = Debug|Any CPU
		{CA090D4B-D4A5-4B6F-9462-4346F0A1960D}.Debug|Any CPU.Build.0 = Debug|Any CPU
		{CA090D4B-D4A5-4B6F-9462-4346F0A1960D}.Release|Any CPU.ActiveCfg = Release|Any CPU
		{CA090D4B-D4A5-4B6F-9462-4346F0A1960D}.Release|Any CPU.Build.0 = Release|Any CPU
		{6F185311-C66E-4A18-BB27-D7DEF966B11D}.Debug|Any CPU.ActiveCfg = Debug|Any CPU
		{6F185311-C66E-4A18-BB27-D7DEF966B11D}.Debug|Any CPU.Build.0 = Debug|Any CPU
		{6F185311-C66E-4A18-BB27-D7DEF966B11D}.Release|Any CPU.ActiveCfg = Release|Any CPU
		{6F185311-C66E-4A18-BB27-D7DEF966B11D}.Release|Any CPU.Build.0 = Release|Any CPU
		{8B0BF50A-68FB-456D-BBFE-224332C5FAB3}.Debug|Any CPU.ActiveCfg = Debug|Any CPU
		{8B0BF50A-68FB-456D-BBFE-224332C5FAB3}.Debug|Any CPU.Build.0 = Debug|Any CPU
		{8B0BF50A-68FB-456D-BBFE-224332C5FAB3}.Release|Any CPU.ActiveCfg = Release|Any CPU
		{8B0BF50A-68FB-456D-BBFE-224332C5FAB3}.Release|Any CPU.Build.0 = Release|Any CPU
		{B184AEB7-2A6A-4D32-8609-05B9952C5CA3}.Debug|Any CPU.ActiveCfg = Debug|Any CPU
		{B184AEB7-2A6A-4D32-8609-05B9952C5CA3}.Debug|Any CPU.Build.0 = Debug|Any CPU
		{B184AEB7-2A6A-4D32-8609-05B9952C5CA3}.Release|Any CPU.ActiveCfg = Release|Any CPU
		{B184AEB7-2A6A-4D32-8609-05B9952C5CA3}.Release|Any CPU.Build.0 = Release|Any CPU
		{C4041168-7F87-4817-86B1-661E00638D37}.Debug|Any CPU.ActiveCfg = Debug|Any CPU
		{C4041168-7F87-4817-86B1-661E00638D37}.Debug|Any CPU.Build.0 = Debug|Any CPU
		{C4041168-7F87-4817-86B1-661E00638D37}.Release|Any CPU.ActiveCfg = Release|Any CPU
		{C4041168-7F87-4817-86B1-661E00638D37}.Release|Any CPU.Build.0 = Release|Any CPU
		{2BE74B4E-5E60-416B-8A09-F8B16CDF3401}.Debug|Any CPU.ActiveCfg = Debug|Any CPU
		{2BE74B4E-5E60-416B-8A09-F8B16CDF3401}.Debug|Any CPU.Build.0 = Debug|Any CPU
		{2BE74B4E-5E60-416B-8A09-F8B16CDF3401}.Release|Any CPU.ActiveCfg = Release|Any CPU
		{2BE74B4E-5E60-416B-8A09-F8B16CDF3401}.Release|Any CPU.Build.0 = Release|Any CPU
		{4015FBF2-2C80-457F-82EA-72A42C96602A}.Debug|Any CPU.ActiveCfg = Debug|Any CPU
		{4015FBF2-2C80-457F-82EA-72A42C96602A}.Debug|Any CPU.Build.0 = Debug|Any CPU
		{4015FBF2-2C80-457F-82EA-72A42C96602A}.Release|Any CPU.ActiveCfg = Release|Any CPU
		{4015FBF2-2C80-457F-82EA-72A42C96602A}.Release|Any CPU.Build.0 = Release|Any CPU
		{59544E7F-7DBC-44A3-883F-A0A0A1A60839}.Debug|Any CPU.ActiveCfg = Debug|Any CPU
		{59544E7F-7DBC-44A3-883F-A0A0A1A60839}.Debug|Any CPU.Build.0 = Debug|Any CPU
		{59544E7F-7DBC-44A3-883F-A0A0A1A60839}.Release|Any CPU.ActiveCfg = Release|Any CPU
		{59544E7F-7DBC-44A3-883F-A0A0A1A60839}.Release|Any CPU.Build.0 = Release|Any CPU
	EndGlobalSection
	GlobalSection(SolutionProperties) = preSolution
		HideSolutionNode = FALSE
	EndGlobalSection
	GlobalSection(ExtensibilityGlobals) = postSolution
		SolutionGuid = {CDBA1455-D9A8-4933-9944-86089EF2EB46}
	EndGlobalSection
EndGlobal
